{
  "lockfile-version": 1,
  "manifest": {
    "version": 1,
    "install": {
      "ollama-cuda": {
        "pkg-path": "flox-cuda/ollama"
      }
    },
    "vars": {
      "OLLAMA_HOST": "0.0.0.0",
      "OLLAMA_PORT": "11434"
    },
    "options": {
      "systems": [
        "aarch64-linux",
        "x86_64-linux"
      ]
    }
  },
  "packages": [
    {
      "attr_path": "ollama",
      "broken": false,
      "derivation": "/nix/store/kvrah4fyl5kcywzyz10s9xd2qgbi4zk9-ollama-0.12.6.drv",
      "description": "Get up and running with large language models locally, using CUDA for NVIDIA GPU acceleration",
      "install_id": "ollama-cuda",
      "license": "MIT",
      "locked_url": "https://github.com/flox/nixpkgs?rev=08dacfca559e1d7da38f3cf05f1f45ee9bfd213c",
      "name": "ollama-0.12.6",
      "pname": "ollama",
      "rev": "08dacfca559e1d7da38f3cf05f1f45ee9bfd213c",
      "rev_count": 886100,
      "rev_date": "2025-10-28T17:26:24Z",
      "scrape_date": "2025-11-06T00:29:24.426104554Z",
      "stabilities": [
        "staging",
        "unstable"
      ],
      "unfree": false,
      "version": "0.12.6",
      "outputs_to_install": [
        "out"
      ],
      "outputs": {
        "out": "/nix/store/r90phnxzmd6a65j9n9n71dr3jq0n1jpf-ollama-0.12.6"
      },
      "system": "aarch64-linux",
      "group": "toplevel",
      "priority": 5
    },
    {
      "attr_path": "ollama",
      "broken": false,
      "derivation": "/nix/store/59x9r7n15qiz6fl3rlcw2qnbf67kajkn-ollama-0.12.6.drv",
      "description": "Get up and running with large language models locally, using CUDA for NVIDIA GPU acceleration",
      "install_id": "ollama-cuda",
      "license": "MIT",
      "locked_url": "https://github.com/flox/nixpkgs?rev=08dacfca559e1d7da38f3cf05f1f45ee9bfd213c",
      "name": "ollama-0.12.6",
      "pname": "ollama",
      "rev": "08dacfca559e1d7da38f3cf05f1f45ee9bfd213c",
      "rev_count": 886100,
      "rev_date": "2025-10-28T17:26:24Z",
      "scrape_date": "2025-11-06T00:29:24.426108540Z",
      "stabilities": [
        "staging",
        "unstable"
      ],
      "unfree": false,
      "version": "0.12.6",
      "outputs_to_install": [
        "out"
      ],
      "outputs": {
        "out": "/nix/store/kxdp2kj2lz277bpzclgr62cnhz32ic91-ollama-0.12.6"
      },
      "system": "x86_64-linux",
      "group": "toplevel",
      "priority": 5
    }
  ]
}
