{
  "lockfile-version": 1,
  "manifest": {
    "version": 1,
    "install": {
      "ollama-cuda": {
        "pkg-path": "ollama-cuda"
      }
    },
    "vars": {
      "OLLAMA_HOST": "0.0.0.0",
      "OLLAMA_PORT": "11434"
    },
    "options": {
      "systems": [
        "aarch64-linux",
        "x86_64-linux"
      ]
    }
  },
  "packages": [
    {
      "attr_path": "ollama-cuda",
      "broken": false,
      "derivation": "/nix/store/bpqnh1zrqyb462q35iz5w4sz33f8p5lv-ollama-0.12.6.drv",
      "description": "Get up and running with large language models locally, using CUDA for NVIDIA GPU acceleration",
      "install_id": "ollama-cuda",
      "license": "MIT",
      "locked_url": "https://github.com/flox/nixpkgs?rev=6a08e6bb4e46ff7fcbb53d409b253f6bad8a28ce",
      "name": "ollama-0.12.6",
      "pname": "ollama-cuda",
      "rev": "6a08e6bb4e46ff7fcbb53d409b253f6bad8a28ce",
      "rev_count": 883951,
      "rev_date": "2025-10-25T06:24:58Z",
      "scrape_date": "2025-10-27T02:19:06.417901Z",
      "stabilities": [
        "unstable"
      ],
      "unfree": false,
      "version": "0.12.6",
      "outputs_to_install": [
        "out",
        "out"
      ],
      "outputs": {
        "out": "/nix/store/9x8l8irzxmr9xa1lp5w009xmynk5h1ff-ollama-0.12.6"
      },
      "system": "aarch64-linux",
      "group": "toplevel",
      "priority": 5
    },
    {
      "attr_path": "ollama-cuda",
      "broken": false,
      "derivation": "/nix/store/mcirbyyzbmgbgsky95lwwd6rjga9lrb6-ollama-0.12.6.drv",
      "description": "Get up and running with large language models locally, using CUDA for NVIDIA GPU acceleration",
      "install_id": "ollama-cuda",
      "license": "MIT",
      "locked_url": "https://github.com/flox/nixpkgs?rev=6a08e6bb4e46ff7fcbb53d409b253f6bad8a28ce",
      "name": "ollama-0.12.6",
      "pname": "ollama-cuda",
      "rev": "6a08e6bb4e46ff7fcbb53d409b253f6bad8a28ce",
      "rev_count": 883951,
      "rev_date": "2025-10-25T06:24:58Z",
      "scrape_date": "2025-10-27T03:01:38.774525Z",
      "stabilities": [
        "unstable"
      ],
      "unfree": false,
      "version": "0.12.6",
      "outputs_to_install": [
        "out",
        "out"
      ],
      "outputs": {
        "out": "/nix/store/kkyw934ba0zhsskchr1jvsy9dl6jqr2x-ollama-0.12.6"
      },
      "system": "x86_64-linux",
      "group": "toplevel",
      "priority": 5
    }
  ]
}